{
  "lockfile_version": "1",
  "packages": {
    "github:NixOS/nixpkgs/nixpkgs-unstable": {
      "last_modified": "2025-04-17T05:47:26Z",
      "resolved": "github:NixOS/nixpkgs/ebe4301cbd8f81c4f8d3244b3632338bbeb6d49c?lastModified=1744868846&narHash=sha256-5RJTdUHDmj12Qsv7XOhuospjAjATNiTMElplWnJE9Hs%3D"
    },
    "go@1.25.1": {
      "last_modified": "2025-10-07T08:41:47Z",
      "resolved": "github:NixOS/nixpkgs/bce5fe2bb998488d8e7e7856315f90496723793c#go",
      "source": "devbox-search",
      "version": "1.25.1",
      "systems": {
        "aarch64-darwin": {
          "outputs": [
            {
              "name": "out",
              "path": "/nix/store/mkdfnr1nkfj2kznxyag9pypbxp3wqqdv-go-1.25.1",
              "default": true
            }
          ],
          "store_path": "/nix/store/mkdfnr1nkfj2kznxyag9pypbxp3wqqdv-go-1.25.1"
        },
        "aarch64-linux": {
          "outputs": [
            {
              "name": "out",
              "path": "/nix/store/0jzj8p7k9wkr4l17sgrlg3z5di27sggf-go-1.25.1",
              "default": true
            }
          ],
          "store_path": "/nix/store/0jzj8p7k9wkr4l17sgrlg3z5di27sggf-go-1.25.1"
        },
        "x86_64-darwin": {
          "outputs": [
            {
              "name": "out",
              "path": "/nix/store/q2xylk8h3kbfajhw2lpdmyzyyqgqx8fl-go-1.25.1",
              "default": true
            }
          ],
          "store_path": "/nix/store/q2xylk8h3kbfajhw2lpdmyzyyqgqx8fl-go-1.25.1"
        },
        "x86_64-linux": {
          "outputs": [
            {
              "name": "out",
              "path": "/nix/store/f01qkydd3c2jqwi4w6hkddkf3blp16kw-go-1.25.1",
              "default": true
            }
          ],
          "store_path": "/nix/store/f01qkydd3c2jqwi4w6hkddkf3blp16kw-go-1.25.1"
        }
      }
    },
    "golangci-lint@2.0": {
      "last_modified": "2025-04-09T17:27:46Z",
      "resolved": "github:NixOS/nixpkgs/67d2b8200c828903b36a6dd0fb952fe424aa0606#golangci-lint",
      "source": "devbox-search",
      "version": "2.0.2",
      "systems": {
        "aarch64-darwin": {
          "outputs": [
            {
              "name": "out",
              "path": "/nix/store/qqi3hbsmbvwgvhmp9gfhhkicmq8320vn-golangci-lint-2.0.2",
              "default": true
            }
          ],
          "store_path": "/nix/store/qqi3hbsmbvwgvhmp9gfhhkicmq8320vn-golangci-lint-2.0.2"
        },
        "aarch64-linux": {
          "outputs": [
            {
              "name": "out",
              "path": "/nix/store/q6cmmcdb9qiy4vbw40zam7cdzx0rfpmm-golangci-lint-2.0.2",
              "default": true
            }
          ],
          "store_path": "/nix/store/q6cmmcdb9qiy4vbw40zam7cdzx0rfpmm-golangci-lint-2.0.2"
        },
        "x86_64-darwin": {
          "outputs": [
            {
              "name": "out",
              "path": "/nix/store/p00zsp099n3cb0dqbbziqs1ghrb9xxi3-golangci-lint-2.0.2",
              "default": true
            }
          ],
          "store_path": "/nix/store/p00zsp099n3cb0dqbbziqs1ghrb9xxi3-golangci-lint-2.0.2"
        },
        "x86_64-linux": {
          "outputs": [
            {
              "name": "out",
              "path": "/nix/store/7dqkhrpn6i52ninr0cndfwhxnkn3lj03-golangci-lint-2.0.2",
              "default": true
            }
          ],
          "store_path": "/nix/store/7dqkhrpn6i52ninr0cndfwhxnkn3lj03-golangci-lint-2.0.2"
        }
      }
    },
    "goreleaser@2.12.5": {
      "last_modified": "2025-10-07T08:41:47Z",
      "resolved": "github:NixOS/nixpkgs/bce5fe2bb998488d8e7e7856315f90496723793c#goreleaser",
      "source": "devbox-search",
      "version": "2.12.5",
      "systems": {
        "aarch64-darwin": {
          "outputs": [
            {
              "name": "out",
              "path": "/nix/store/3p4hpzdmsfyvnzkydz0cksh3y02sbjx9-goreleaser-2.12.5",
              "default": true
            }
          ],
          "store_path": "/nix/store/3p4hpzdmsfyvnzkydz0cksh3y02sbjx9-goreleaser-2.12.5"
        },
        "aarch64-linux": {
          "outputs": [
            {
              "name": "out",
              "path": "/nix/store/cdi2az9x0ywa6v97vg4s79iq48irrwj8-goreleaser-2.12.5",
              "default": true
            }
          ],
          "store_path": "/nix/store/cdi2az9x0ywa6v97vg4s79iq48irrwj8-goreleaser-2.12.5"
        },
        "x86_64-darwin": {
          "outputs": [
            {
              "name": "out",
              "path": "/nix/store/95x8dv21xgkhi3rwzqmswphb8xpw32r1-goreleaser-2.12.5",
              "default": true
            }
          ],
          "store_path": "/nix/store/95x8dv21xgkhi3rwzqmswphb8xpw32r1-goreleaser-2.12.5"
        },
        "x86_64-linux": {
          "outputs": [
            {
              "name": "out",
              "path": "/nix/store/cfg1ab7qivx8amd3km026zcjc83jhaqv-goreleaser-2.12.5",
              "default": true
            }
          ],
          "store_path": "/nix/store/cfg1ab7qivx8amd3km026zcjc83jhaqv-goreleaser-2.12.5"
        }
      }
    },
    "python312@3.12.11": {
      "last_modified": "2025-10-07T08:41:47Z",
      "plugin_version": "0.0.4",
      "resolved": "github:NixOS/nixpkgs/bce5fe2bb998488d8e7e7856315f90496723793c#python312",
      "source": "devbox-search",
      "version": "3.12.11",
      "systems": {
        "aarch64-darwin": {
          "outputs": [
            {
              "name": "out",
              "path": "/nix/store/d5bvj78dzx6wjnz13vawcjb3pa5hpdkv-python3-3.12.11",
              "default": true
            }
          ],
          "store_path": "/nix/store/d5bvj78dzx6wjnz13vawcjb3pa5hpdkv-python3-3.12.11"
        },
        "aarch64-linux": {
          "outputs": [
            {
              "name": "out",
              "path": "/nix/store/n9fq90ybwm7flzhswka4i8siss56g4hq-python3-3.12.11",
              "default": true
            },
            {
              "name": "debug",
              "path": "/nix/store/vlpgzwscnw0jv7109k2s5z9f9yw3f4ws-python3-3.12.11-debug"
            }
          ],
          "store_path": "/nix/store/n9fq90ybwm7flzhswka4i8siss56g4hq-python3-3.12.11"
        },
        "x86_64-darwin": {
          "outputs": [
            {
              "name": "out",
              "path": "/nix/store/lykhqadwwlc89lxiyvpms7hkx1nxznw6-python3-3.12.11",
              "default": true
            }
          ],
          "store_path": "/nix/store/lykhqadwwlc89lxiyvpms7hkx1nxznw6-python3-3.12.11"
        },
        "x86_64-linux": {
          "outputs": [
            {
              "name": "out",
              "path": "/nix/store/27fr7ynpilzb7rzmay73g905jbl8br4a-python3-3.12.11",
              "default": true
            },
            {
              "name": "debug",
              "path": "/nix/store/h4m4mz0j2iyfj17zmq49n0g5i8zywic6-python3-3.12.11-debug"
            }
          ],
          "store_path": "/nix/store/27fr7ynpilzb7rzmay73g905jbl8br4a-python3-3.12.11"
        }
      }
    }
  }
}
